
Microsoft Visual Studio Solution File, Format Version 12.00
# Visual Studio Version 16
VisualStudioVersion = 16.0.30011.22
MinimumVisualStudioVersion = 10.0.40219.1
Project("{F184B08F-C81C-45F6-A57F-5ABD9991F28F}") = "WebApplication2", "WebApplication2.vbproj", "{8C1A9FF3-9F71-4507-B72F-111935568BEF}"
EndProject
Project("{F184B08F-C81C-45F6-A57F-5ABD9991F28F}") = "WebApplication2.Tests", "..\WebApplication2.Tests\WebApplication2.Tests.vbproj", "{4FFF3100-756E-47A7-87E3-4C1AD6C357B4}"
EndProject
Global
	GlobalSection(SolutionConfigurationPlatforms) = preSolution
		Debug|Any CPU = Debug|Any CPU
		Release|Any CPU = Release|Any CPU
	EndGlobalSection
	GlobalSection(ProjectConfigurationPlatforms) = postSolution
		{8C1A9FF3-9F71-4507-B72F-111935568BEF}.Debug|Any CPU.ActiveCfg = Debug|Any CPU
		{8C1A9FF3-9F71-4507-B72F-111935568BEF}.Debug|Any CPU.Build.0 = Debug|Any CPU
		{8C1A9FF3-9F71-4507-B72F-111935568BEF}.Release|Any CPU.ActiveCfg = Release|Any CPU
		{8C1A9FF3-9F71-4507-B72F-111935568BEF}.Release|Any CPU.Build.0 = Release|Any CPU
		{4FFF3100-756E-47A7-87E3-4C1AD6C357B4}.Debug|Any CPU.ActiveCfg = Debug|Any CPU
		{4FFF3100-756E-47A7-87E3-4C1AD6C357B4}.Debug|Any CPU.Build.0 = Debug|Any CPU
		{4FFF3100-756E-47A7-87E3-4C1AD6C357B4}.Release|Any CPU.ActiveCfg = Release|Any CPU
		{4FFF3100-756E-47A7-87E3-4C1AD6C357B4}.Release|Any CPU.Build.0 = Release|Any CPU
	EndGlobalSection
	GlobalSection(SolutionProperties) = preSolution
		HideSolutionNode = FALSE
	EndGlobalSection
	GlobalSection(ExtensibilityGlobals) = postSolution
		SolutionGuid = {A089EFB1-5D70-4AC1-8268-1D42FB7A091D}
	EndGlobalSection
EndGlobal
